# This file is autogenerated, do not edit; changes may be undone by the next 'dep ensure'.


[[projects]]
  branch = "master"
  name = "github.com/soniah/gosnmp"
  packages = ["."]
  revision = "90eb00b72db61f5fa9c57c96ea75f8a769cf86d1"

[[projects]]
  name = "gopkg.in/tylerb/graceful.v1"
  packages = ["."]
  revision = "4654dfbb6ad53cb5e27f37d99b02e16c1872fbbb"
  version = "v1.2.15"

[[projects]]
  branch = "v2"
  name = "gopkg.in/yaml.v2"
  packages = ["."]
  revision = "eb3733d160e74a9c7e442f435eb3bea458e1d19f"

[solve-meta]
  analyzer-name = "dep"
  analyzer-version = 1
  inputs-digest = "853089655765dc405caeb412bb1cf135287ed408d14d82a95832becc7f8d1d95"
  solver-name = "gps-cdcl"
  solver-version = 1
